
Microsoft Visual Studio Solution File, Format Version 12.00
# Visual Studio 15
VisualStudioVersion = 15.0.27004.2009
MinimumVisualStudioVersion = 10.0.40219.1
Project("{2150E333-8FDC-42A3-9474-1A3956D46DE8}") = "00-Entities", "00-Entities", "{DFD6B49A-5948-4588-AD37-75977B1897B2}"
EndProject
Project("{2150E333-8FDC-42A3-9474-1A3956D46DE8}") = "01-Services", "01-Services", "{39855D6B-3CC5-40C1-B357-C2AC351411D2}"
EndProject
Project("{2150E333-8FDC-42A3-9474-1A3956D46DE8}") = "01-Data", "01-Data", "{7934FBB1-A7EF-4C4C-824B-BD27C63714A6}"
EndProject
Project("{2150E333-8FDC-42A3-9474-1A3956D46DE8}") = "02-Business", "02-Business", "{FC202972-A808-4626-B3C7-5AC59EF3FFA3}"
EndProject
Project("{2150E333-8FDC-42A3-9474-1A3956D46DE8}") = "03-Tests", "03-Tests", "{0A140E0F-4B2D-4348-ABAA-3175598C7B8D}"
EndProject
Project("{FAE04EC0-301F-11D3-BF4B-00C04F79EFBC}") = "DripDemo1.Entities", "DripDemo1.Entities\DripDemo1.Entities.csproj", "{AFB4171B-3E17-497F-BE5F-CEFA812E2C6A}"
EndProject
Project("{FAE04EC0-301F-11D3-BF4B-00C04F79EFBC}") = "DripDemo1.Data", "DripDemo1.Data\DripDemo1.Data.csproj", "{9EBF98E5-8CEA-4A8E-83CA-BF74BAADB045}"
EndProject
Project("{FAE04EC0-301F-11D3-BF4B-00C04F79EFBC}") = "DripDemo1.Services", "DripDemo1.Services\DripDemo1.Services.csproj", "{8EF0A321-DDA0-4902-9DD3-89B0AE7F5654}"
EndProject
Project("{FAE04EC0-301F-11D3-BF4B-00C04F79EFBC}") = "DripDemo1.Business", "DripDemo1.Business\DripDemo1.Business.csproj", "{63A2BE82-9DFB-4160-A3BD-61EE722184BC}"
EndProject
Project("{FAE04EC0-301F-11D3-BF4B-00C04F79EFBC}") = "DripDemo1.Tests.DataLayerTest", "DripDemo1.Tests.DataLayerTest\DripDemo1.Tests.DataLayerTest.csproj", "{88276753-65D4-4DFB-A2EA-52532DE058FD}"
EndProject
Project("{FAE04EC0-301F-11D3-BF4B-00C04F79EFBC}") = "DripDemo1.Tests.ServiceLayerTest", "DripDemo1.Tests.ServiceLayerTest\DripDemo1.Tests.ServiceLayerTest.csproj", "{64CBBD1C-019B-4130-8CBB-B4B306D9CE45}"
EndProject
Project("{2150E333-8FDC-42A3-9474-1A3956D46DE8}") = "00-SolutionItems", "00-SolutionItems", "{015B2519-7E9F-464C-A025-80B4BAA19ED3}"
	ProjectSection(SolutionItems) = preProject
		DripDemo1.SolutionItems\App.config = DripDemo1.SolutionItems\App.config
		DripDemo1.SolutionItems\log4net.config = DripDemo1.SolutionItems\log4net.config
		DripDemo1.SolutionItems\Log4net.Helper.Logging.dll = DripDemo1.SolutionItems\Log4net.Helper.Logging.dll
	EndProjectSection
EndProject
Global
	GlobalSection(SolutionConfigurationPlatforms) = preSolution
		Debug|Any CPU = Debug|Any CPU
		Release|Any CPU = Release|Any CPU
	EndGlobalSection
	GlobalSection(ProjectConfigurationPlatforms) = postSolution
		{AFB4171B-3E17-497F-BE5F-CEFA812E2C6A}.Debug|Any CPU.ActiveCfg = Debug|Any CPU
		{AFB4171B-3E17-497F-BE5F-CEFA812E2C6A}.Debug|Any CPU.Build.0 = Debug|Any CPU
		{AFB4171B-3E17-497F-BE5F-CEFA812E2C6A}.Release|Any CPU.ActiveCfg = Release|Any CPU
		{AFB4171B-3E17-497F-BE5F-CEFA812E2C6A}.Release|Any CPU.Build.0 = Release|Any CPU
		{9EBF98E5-8CEA-4A8E-83CA-BF74BAADB045}.Debug|Any CPU.ActiveCfg = Debug|Any CPU
		{9EBF98E5-8CEA-4A8E-83CA-BF74BAADB045}.Debug|Any CPU.Build.0 = Debug|Any CPU
		{9EBF98E5-8CEA-4A8E-83CA-BF74BAADB045}.Release|Any CPU.ActiveCfg = Release|Any CPU
		{9EBF98E5-8CEA-4A8E-83CA-BF74BAADB045}.Release|Any CPU.Build.0 = Release|Any CPU
		{8EF0A321-DDA0-4902-9DD3-89B0AE7F5654}.Debug|Any CPU.ActiveCfg = Debug|Any CPU
		{8EF0A321-DDA0-4902-9DD3-89B0AE7F5654}.Debug|Any CPU.Build.0 = Debug|Any CPU
		{8EF0A321-DDA0-4902-9DD3-89B0AE7F5654}.Release|Any CPU.ActiveCfg = Release|Any CPU
		{8EF0A321-DDA0-4902-9DD3-89B0AE7F5654}.Release|Any CPU.Build.0 = Release|Any CPU
		{63A2BE82-9DFB-4160-A3BD-61EE722184BC}.Debug|Any CPU.ActiveCfg = Debug|Any CPU
		{63A2BE82-9DFB-4160-A3BD-61EE722184BC}.Debug|Any CPU.Build.0 = Debug|Any CPU
		{63A2BE82-9DFB-4160-A3BD-61EE722184BC}.Release|Any CPU.ActiveCfg = Release|Any CPU
		{63A2BE82-9DFB-4160-A3BD-61EE722184BC}.Release|Any CPU.Build.0 = Release|Any CPU
		{88276753-65D4-4DFB-A2EA-52532DE058FD}.Debug|Any CPU.ActiveCfg = Debug|Any CPU
		{88276753-65D4-4DFB-A2EA-52532DE058FD}.Debug|Any CPU.Build.0 = Debug|Any CPU
		{88276753-65D4-4DFB-A2EA-52532DE058FD}.Release|Any CPU.ActiveCfg = Release|Any CPU
		{88276753-65D4-4DFB-A2EA-52532DE058FD}.Release|Any CPU.Build.0 = Release|Any CPU
		{64CBBD1C-019B-4130-8CBB-B4B306D9CE45}.Debug|Any CPU.ActiveCfg = Debug|Any CPU
		{64CBBD1C-019B-4130-8CBB-B4B306D9CE45}.Debug|Any CPU.Build.0 = Debug|Any CPU
		{64CBBD1C-019B-4130-8CBB-B4B306D9CE45}.Release|Any CPU.ActiveCfg = Release|Any CPU
		{64CBBD1C-019B-4130-8CBB-B4B306D9CE45}.Release|Any CPU.Build.0 = Release|Any CPU
	EndGlobalSection
	GlobalSection(SolutionProperties) = preSolution
		HideSolutionNode = FALSE
	EndGlobalSection
	GlobalSection(NestedProjects) = preSolution
		{AFB4171B-3E17-497F-BE5F-CEFA812E2C6A} = {DFD6B49A-5948-4588-AD37-75977B1897B2}
		{9EBF98E5-8CEA-4A8E-83CA-BF74BAADB045} = {7934FBB1-A7EF-4C4C-824B-BD27C63714A6}
		{8EF0A321-DDA0-4902-9DD3-89B0AE7F5654} = {39855D6B-3CC5-40C1-B357-C2AC351411D2}
		{63A2BE82-9DFB-4160-A3BD-61EE722184BC} = {FC202972-A808-4626-B3C7-5AC59EF3FFA3}
		{88276753-65D4-4DFB-A2EA-52532DE058FD} = {0A140E0F-4B2D-4348-ABAA-3175598C7B8D}
		{64CBBD1C-019B-4130-8CBB-B4B306D9CE45} = {0A140E0F-4B2D-4348-ABAA-3175598C7B8D}
	EndGlobalSection
	GlobalSection(ExtensibilityGlobals) = postSolution
		SolutionGuid = {50C66DB9-E01E-4B65-B164-73C7BC920929}
	EndGlobalSection
EndGlobal
